
Microsoft Visual Studio Solution File, Format Version 12.00
# Visual Studio 2013
VisualStudioVersion = 12.0.21005.1
MinimumVisualStudioVersion = 10.0.40219.1
Project("{8BC9CEB8-8B4A-11D0-8D11-00A0C91BC942}") = "iocp", "iocp\iocp.vcxproj", "{FE875ECF-49AE-4A7F-BB88-842BC8E0980E}"
EndProject
Global
	GlobalSection(SolutionConfigurationPlatforms) = preSolution
		Debug|Win32 = Debug|Win32
		Release|Win32 = Release|Win32
	EndGlobalSection
	GlobalSection(ProjectConfigurationPlatforms) = postSolution
		{FE875ECF-49AE-4A7F-BB88-842BC8E0980E}.Debug|Win32.ActiveCfg = Debug|Win32
		{FE875ECF-49AE-4A7F-BB88-842BC8E0980E}.Debug|Win32.Build.0 = Debug|Win32
		{FE875ECF-49AE-4A7F-BB88-842BC8E0980E}.Release|Win32.ActiveCfg = Release|Win32
		{FE875ECF-49AE-4A7F-BB88-842BC8E0980E}.Release|Win32.Build.0 = Release|Win32
	EndGlobalSection
	GlobalSection(SolutionProperties) = preSolution
		HideSolutionNode = FALSE
	EndGlobalSection
EndGlobal
